<?xml version="1.0" encoding="UTF-8" standalone="yes" ?>
<CodeBlocks_project_file>
	<FileVersion major="1" minor="6" />
	<Project>
		<Option title="engine.physical" />
		<Option pch_mode="2" />
		<Option compiler="gcc" />
		<Build>
			<Target title="Debug">
				<Option output="../engine_test/assets/extensions/engine.physical.dll" prefix_auto="0" extension_auto="0" />
				<Option object_output="obj/Debug/" />
				<Option type="3" />
				<Option compiler="gcc" />
				<Option createDefFile="1" />
				<Option createStaticLib="1" />
				<Compiler>
					<Add option="-Wall" />
					<Add option="-g" />
					<Add option="-DBUILD_DLL" />
				</Compiler>
				<Linker>
					<Add library="user32" />
				</Linker>
			</Target>
			<Target title="Release">
				<Option output="../engine_test/assets/extensions/engine.physical.dll" prefix_auto="0" extension_auto="0" />
				<Option object_output="obj/Release/" />
				<Option type="3" />
				<Option compiler="gcc" />
				<Option createDefFile="1" />
				<Option createStaticLib="1" />
				<Compiler>
					<Add option="-O2" />
					<Add option="-Wall" />
					<Add option="-std=c++0x" />
					<Add option="-DBUILD_DLL" />
				</Compiler>
				<Linker>
					<Add option="-s" />
					<Add library="user32" />
				</Linker>
			</Target>
		</Build>
		<Compiler>
			<Add option="-std=c++11" />
		</Compiler>
		<Linker>
			<Add library="opengl32" />
			<Add library="glu32" />
			<Add library="user32" />
			<Add library="engine" />
			<Add library="ode" />
		</Linker>
		<Unit filename="box.cpp" />
		<Unit filename="box.h" />
		<Unit filename="cable.cpp" />
		<Unit filename="cable.h" />
		<Unit filename="capsule.cpp" />
		<Unit filename="capsule.h" />
		<Unit filename="cylinder.cpp" />
		<Unit filename="cylinder.h" />
		<Unit filename="main.cpp" />
		<Unit filename="main.h" />
		<Unit filename="plane.cpp" />
		<Unit filename="plane.h" />
		<Unit filename="sphere.cpp" />
		<Unit filename="sphere.h" />
		<Extensions>
			<code_completion />
			<envvars />
			<debugger />
			<lib_finder disable_auto="1" />
		</Extensions>
	</Project>
</CodeBlocks_project_file>
